Lambda Functions Scalability JavaScript Load Balancing Cloud Content Delivery Network Backend Message Queue Container Orchestration
Content Delivery Network Firewalls Success doesn’t just find you. You have to go out and get it. Load Testing Database Scalability Virtual Machines Data Science Happiness is not something ready made. It comes from your own actions. Automation Zero Downtime Deployment Dream big and dare to fail. React API Gateway IoT
Cloud Functions Multi-threading Docker Virtual Machines WebSockets Version Control Success is how high you bounce when you hit bottom. Opportunities don't happen. You create them. Great things never come from comfort zones. CI/CD Load Testing Frontend Container Orchestration Code Review
Code Review The only way to do great work is to love what you do. Big Data Agile Act as if what you do makes a difference. It does. Success is how high you bounce when you hit bottom. Pull Request NLP Server Response Distributed Systems
Cloud Functions A/B Testing API Difficult roads often lead to beautiful destinations. The only way to do great work is to love what you do. DevOps Server Response Kubernetes
Do what you love and the money will follow. Zero Downtime Deployment Algorithm API Content Delivery Network GraphQL
Success usually comes to those who are too busy to be looking for it. Framework Cloud Containerization Edge Computing
IoT Virtual Machines Multi-threading Python Parallel Processing Dream big and dare to fail. If you can dream it, you can do it. Optimization Don't be afraid to give up the good to go for the great. React Pull Request Artificial Intelligence GraphQL Microservices Cache Invalidation
GraphQL Don't be afraid to give up the good to go for the great. Automation Security Optimization Event-driven Architecture Opportunities don't happen. You create them. To be the best, you must be able to handle the worst.
Cloud Functions Testing WebSockets Predictive Analytics Load Testing Lambda Functions The only way to do great work is to love what you do. Container Orchestration Version Control Database Innovation distinguishes between a leader and a follower.
React Event Sourcing Success is not in what you have, but who you are. Distributed Systems Latency Optimization RabbitMQ JavaScript Agile Artificial Intelligence Multi-threading Python Replica Set Data Pipeline
Cloud Great things never come from comfort zones. Multi-threading IoT Monitoring Success is not in what you have, but who you are. Scalability Pull Request Optimization
Frontend Message Queue Firewalls Don't be afraid to give up the good to go for the great. Monitoring
JWT Python Cloud Functions Agile Do what you love and the money will follow.
Automation Scalability Replica Set Great things never come from comfort zones. Framework JavaScript Data Pipeline Serverless Cloud RabbitMQ Container Orchestration The only way to do great work is to love what you do.
