Lambda Functions Scalability JavaScript Load Balancing Cloud Content Delivery Network Backend Message Queue Container Orchestration
Content Delivery Network Firewalls Success doesn’t just find you. You have to go out and get it. Load Testing Database Scalability Virtual Machines Data Science Happiness is not something ready made. It comes from your own actions. Automation Zero Downtime Deployment Dream big and dare to fail. React API Gateway IoT
