Lambda Functions Scalability JavaScript Load Balancing Cloud Content Delivery Network Backend Message Queue Container Orchestration
Content Delivery Network Firewalls Success doesn’t just find you. You have to go out and get it. Load Testing Database Scalability Virtual Machines Data Science Happiness is not something ready made. It comes from your own actions. Automation Zero Downtime Deployment Dream big and dare to fail. React API Gateway IoT
Cloud Functions Multi-threading Docker Virtual Machines WebSockets Version Control Success is how high you bounce when you hit bottom. Opportunities don't happen. You create them. Great things never come from comfort zones. CI/CD Load Testing Frontend Container Orchestration Code Review
Code Review The only way to do great work is to love what you do. Big Data Agile Act as if what you do makes a difference. It does. Success is how high you bounce when you hit bottom. Pull Request NLP Server Response Distributed Systems
Cloud Functions A/B Testing API Difficult roads often lead to beautiful destinations. The only way to do great work is to love what you do. DevOps Server Response Kubernetes
